
Microsoft Visual Studio Solution File, Format Version 12.00
# Visual Studio 2013
VisualStudioVersion = 12.0.31101.0
MinimumVisualStudioVersion = 10.0.40219.1
Project("{FAE04EC0-301F-11D3-BF4B-00C04F79EFBC}") = "PayPalTest", "PayPalTest\PayPalTest.csproj", "{B4BBF69D-A5BD-4993-B980-238C82EC094E}"
EndProject
Project("{FAE04EC0-301F-11D3-BF4B-00C04F79EFBC}") = "PayPalTest.Tests", "PayPalTest.Tests\PayPalTest.Tests.csproj", "{219A0927-9BA8-4823-BAE5-1A7688FABA8D}"
EndProject
Global
	GlobalSection(SolutionConfigurationPlatforms) = preSolution
		Debug|Any CPU = Debug|Any CPU
		Release|Any CPU = Release|Any CPU
	EndGlobalSection
	GlobalSection(ProjectConfigurationPlatforms) = postSolution
		{B4BBF69D-A5BD-4993-B980-238C82EC094E}.Debug|Any CPU.ActiveCfg = Debug|Any CPU
		{B4BBF69D-A5BD-4993-B980-238C82EC094E}.Debug|Any CPU.Build.0 = Debug|Any CPU
		{B4BBF69D-A5BD-4993-B980-238C82EC094E}.Release|Any CPU.ActiveCfg = Release|Any CPU
		{B4BBF69D-A5BD-4993-B980-238C82EC094E}.Release|Any CPU.Build.0 = Release|Any CPU
		{219A0927-9BA8-4823-BAE5-1A7688FABA8D}.Debug|Any CPU.ActiveCfg = Debug|Any CPU
		{219A0927-9BA8-4823-BAE5-1A7688FABA8D}.Debug|Any CPU.Build.0 = Debug|Any CPU
		{219A0927-9BA8-4823-BAE5-1A7688FABA8D}.Release|Any CPU.ActiveCfg = Release|Any CPU
		{219A0927-9BA8-4823-BAE5-1A7688FABA8D}.Release|Any CPU.Build.0 = Release|Any CPU
	EndGlobalSection
	GlobalSection(SolutionProperties) = preSolution
		HideSolutionNode = FALSE
	EndGlobalSection
EndGlobal
